{
  "pins" : [
    {
      "identity" : "microsoft-authentication-library-for-objc",
      "kind" : "remoteSourceControl",
      "location" : "https://github.com/AzureAD/microsoft-authentication-library-for-objc",
      "state" : {
        "branch" : "master",
        "revision" : "a28043b73c999683804ac03da1be815d155cce1a"
      }
    }
  ],
  "version" : 2
}
