{
  "pins" : [
    {
      "identity" : "microsoft-authentication-library-for-objc",
      "kind" : "remoteSourceControl",
      "location" : "https://github.com/AzureAD/microsoft-authentication-library-for-objc",
      "state" : {
        "branch" : "master",
        "revision" : "31a806298d6aa71b40504e7ebda6d6a8923f0ebf"
      }
    }
  ],
  "version" : 2
}
