// !$*UTF8*$!
{
	archiveVersion = 1;
	classes = {
	};
	objectVersion = 56;
	objects = {

/* Begin PBXBuildFile section */
		522D98FD28F4187300D17239 /* SignInButton.swift in Sources */ = {isa = PBXBuildFile; fileRef = 522D98FC28F4187300D17239 /* SignInButton.swift */; };
		523E0A5C28F574F700B505F0 /* HomeScreen.swift in Sources */ = {isa = PBXBuildFile; fileRef = 523E0A5B28F574F700B505F0 /* HomeScreen.swift */; };
		523E0A6228F5759300B505F0 /* SplashScreen.swift in Sources */ = {isa = PBXBuildFile; fileRef = 523E0A6128F5759300B505F0 /* SplashScreen.swift */; };
		523E0A6428F5760D00B505F0 /* TaskScreen.swift in Sources */ = {isa = PBXBuildFile; fileRef = 523E0A6328F5760D00B505F0 /* TaskScreen.swift */; };
		523E0A6628F5761600B505F0 /* SettingsScreen.swift in Sources */ = {isa = PBXBuildFile; fileRef = 523E0A6528F5761600B505F0 /* SettingsScreen.swift */; };
		523E0A6828F5762000B505F0 /* LearningScreen.swift in Sources */ = {isa = PBXBuildFile; fileRef = 523E0A6728F5762000B505F0 /* LearningScreen.swift */; };
		523E0A6B28F5768100B505F0 /* DataStructures in Frameworks */ = {isa = PBXBuildFile; productRef = 523E0A6A28F5768100B505F0 /* DataStructures */; };
		523E0A6D28F5768400B505F0 /* IntelligentMarking in Frameworks */ = {isa = PBXBuildFile; productRef = 523E0A6C28F5768400B505F0 /* IntelligentMarking */; };
		523E0A6F28F5768700B505F0 /* LanguagesAPI in Frameworks */ = {isa = PBXBuildFile; productRef = 523E0A6E28F5768700B505F0 /* LanguagesAPI */; };
		52465CD328F6A10400B798E4 /* NavRoute.swift in Sources */ = {isa = PBXBuildFile; fileRef = 52465CD228F6A10400B798E4 /* NavRoute.swift */; };
		524C5AB728E2FACA00A4BDD1 /* LanguagesApp.swift in Sources */ = {isa = PBXBuildFile; fileRef = 524C5AB628E2FACA00A4BDD1 /* LanguagesApp.swift */; };
		524C5AB928E2FACA00A4BDD1 /* RootNav.swift in Sources */ = {isa = PBXBuildFile; fileRef = 524C5AB828E2FACA00A4BDD1 /* RootNav.swift */; };
		524C5ABB28E2FACF00A4BDD1 /* Assets.xcassets in Resources */ = {isa = PBXBuildFile; fileRef = 524C5ABA28E2FACF00A4BDD1 /* Assets.xcassets */; };
		524C5ABE28E2FACF00A4BDD1 /* Preview Assets.xcassets in Resources */ = {isa = PBXBuildFile; fileRef = 524C5ABD28E2FACF00A4BDD1 /* Preview Assets.xcassets */; };
		524D5A8B28EEC69200035DB6 /* MSAL in Frameworks */ = {isa = PBXBuildFile; productRef = 524D5A8A28EEC69200035DB6 /* MSAL */; };
		524D5A8F28EED13E00035DB6 /* Authenticator.swift in Sources */ = {isa = PBXBuildFile; fileRef = 524D5A8E28EED13E00035DB6 /* Authenticator.swift */; };
		524D5A9128EED16D00035DB6 /* UIApplication+EXT.swift in Sources */ = {isa = PBXBuildFile; fileRef = 524D5A9028EED16D00035DB6 /* UIApplication+EXT.swift */; };
		527ACF9F2911A6260008147A /* Navigator.swift in Sources */ = {isa = PBXBuildFile; fileRef = 527ACF9E2911A6260008147A /* Navigator.swift */; };
		527ACFA12911A75D0008147A /* LearningQuestion.swift in Sources */ = {isa = PBXBuildFile; fileRef = 527ACFA02911A75D0008147A /* LearningQuestion.swift */; };
		527ACFA32911B2100008147A /* ErrorHandler.swift in Sources */ = {isa = PBXBuildFile; fileRef = 527ACFA22911B2100008147A /* ErrorHandler.swift */; };
		527ACFA62911B3450008147A /* AppError.swift in Sources */ = {isa = PBXBuildFile; fileRef = 527ACFA52911B3450008147A /* AppError.swift */; };
		527ACFA82911B7160008147A /* HomeController.swift in Sources */ = {isa = PBXBuildFile; fileRef = 527ACFA72911B7160008147A /* HomeController.swift */; };
		527ACFAA2911B8960008147A /* SplashController.swift in Sources */ = {isa = PBXBuildFile; fileRef = 527ACFA92911B8960008147A /* SplashController.swift */; };
		527AD2A129116599001A1AD5 /* LearningCardView.swift in Sources */ = {isa = PBXBuildFile; fileRef = 527AD2A029116599001A1AD5 /* LearningCardView.swift */; };
		527AD2A3291165B9001A1AD5 /* LearningMessageView.swift in Sources */ = {isa = PBXBuildFile; fileRef = 527AD2A2291165B9001A1AD5 /* LearningMessageView.swift */; };
		527AD2A6291165DD001A1AD5 /* Message.swift in Sources */ = {isa = PBXBuildFile; fileRef = 527AD2A5291165DD001A1AD5 /* Message.swift */; };
		527AD2A929116656001A1AD5 /* LearningSession.swift in Sources */ = {isa = PBXBuildFile; fileRef = 527AD2A829116656001A1AD5 /* LearningSession.swift */; };
		527AD2AB29116662001A1AD5 /* ReviewLearningSession.swift in Sources */ = {isa = PBXBuildFile; fileRef = 527AD2AA29116662001A1AD5 /* ReviewLearningSession.swift */; };
		527AD2AD29116670001A1AD5 /* TaskLearningSession.swift in Sources */ = {isa = PBXBuildFile; fileRef = 527AD2AC29116670001A1AD5 /* TaskLearningSession.swift */; };
		52C28F732905BAA10088593B /* Color+EXT.swift in Sources */ = {isa = PBXBuildFile; fileRef = 52C28F722905BAA10088593B /* Color+EXT.swift */; };
		52C28F752905BB4D0088593B /* TitleGreeting.swift in Sources */ = {isa = PBXBuildFile; fileRef = 52C28F742905BB4D0088593B /* TitleGreeting.swift */; };
		52C28F772905BC010088593B /* Panel.swift in Sources */ = {isa = PBXBuildFile; fileRef = 52C28F762905BC010088593B /* Panel.swift */; };
		52C28F792905BD0A0088593B /* DailyCompletionPanel.swift in Sources */ = {isa = PBXBuildFile; fileRef = 52C28F782905BD0A0088593B /* DailyCompletionPanel.swift */; };
		52C28F7B2905BE9E0088593B /* Font+EXT.swift in Sources */ = {isa = PBXBuildFile; fileRef = 52C28F7A2905BE9E0088593B /* Font+EXT.swift */; };
		52C28F7D2905BF840088593B /* AppButton.swift in Sources */ = {isa = PBXBuildFile; fileRef = 52C28F7C2905BF840088593B /* AppButton.swift */; };
		52C28F7F2905C1390088593B /* StreaksPanel.swift in Sources */ = {isa = PBXBuildFile; fileRef = 52C28F7E2905C1390088593B /* StreaksPanel.swift */; };
		52C28F812905C4EA0088593B /* TaskList.swift in Sources */ = {isa = PBXBuildFile; fileRef = 52C28F802905C4EA0088593B /* TaskList.swift */; };
		52C28F832905C7BD0088593B /* FootnoteButton.swift in Sources */ = {isa = PBXBuildFile; fileRef = 52C28F822905C7BD0088593B /* FootnoteButton.swift */; };
		52C28F852905F0810088593B /* CyclicTimelineSchedule.swift in Sources */ = {isa = PBXBuildFile; fileRef = 52C28F842905F0810088593B /* CyclicTimelineSchedule.swift */; };
		52C28F872905F0AE0088593B /* WavingHand.swift in Sources */ = {isa = PBXBuildFile; fileRef = 52C28F862905F0AE0088593B /* WavingHand.swift */; };
/* End PBXBuildFile section */

/* Begin PBXFileReference section */
		522712DC28ED8FFE0098719F /* LanguagesAPI */ = {isa = PBXFileReference; lastKnownFileType = wrapper; path = LanguagesAPI; sourceTree = "<group>"; };
		522D98FC28F4187300D17239 /* SignInButton.swift */ = {isa = PBXFileReference; lastKnownFileType = sourcecode.swift; path = SignInButton.swift; sourceTree = "<group>"; };
		523E0A5B28F574F700B505F0 /* HomeScreen.swift */ = {isa = PBXFileReference; lastKnownFileType = sourcecode.swift; path = HomeScreen.swift; sourceTree = "<group>"; };
		523E0A6128F5759300B505F0 /* SplashScreen.swift */ = {isa = PBXFileReference; lastKnownFileType = sourcecode.swift; path = SplashScreen.swift; sourceTree = "<group>"; };
		523E0A6328F5760D00B505F0 /* TaskScreen.swift */ = {isa = PBXFileReference; lastKnownFileType = sourcecode.swift; path = TaskScreen.swift; sourceTree = "<group>"; };
		523E0A6528F5761600B505F0 /* SettingsScreen.swift */ = {isa = PBXFileReference; lastKnownFileType = sourcecode.swift; path = SettingsScreen.swift; sourceTree = "<group>"; };
		523E0A6728F5762000B505F0 /* LearningScreen.swift */ = {isa = PBXFileReference; lastKnownFileType = sourcecode.swift; path = LearningScreen.swift; sourceTree = "<group>"; };
		52465CD228F6A10400B798E4 /* NavRoute.swift */ = {isa = PBXFileReference; lastKnownFileType = sourcecode.swift; path = NavRoute.swift; sourceTree = "<group>"; };
		524C5AB328E2FACA00A4BDD1 /* LanguagesApp.app */ = {isa = PBXFileReference; explicitFileType = wrapper.application; includeInIndex = 0; path = LanguagesApp.app; sourceTree = BUILT_PRODUCTS_DIR; };
		524C5AB628E2FACA00A4BDD1 /* LanguagesApp.swift */ = {isa = PBXFileReference; lastKnownFileType = sourcecode.swift; path = LanguagesApp.swift; sourceTree = "<group>"; };
		524C5AB828E2FACA00A4BDD1 /* RootNav.swift */ = {isa = PBXFileReference; lastKnownFileType = sourcecode.swift; path = RootNav.swift; sourceTree = "<group>"; };
		524C5ABA28E2FACF00A4BDD1 /* Assets.xcassets */ = {isa = PBXFileReference; lastKnownFileType = folder.assetcatalog; path = Assets.xcassets; sourceTree = "<group>"; };
		524C5ABD28E2FACF00A4BDD1 /* Preview Assets.xcassets */ = {isa = PBXFileReference; lastKnownFileType = folder.assetcatalog; path = "Preview Assets.xcassets"; sourceTree = "<group>"; };
		524C5AC428E2FB0700A4BDD1 /* DataStructures */ = {isa = PBXFileReference; lastKnownFileType = wrapper; path = DataStructures; sourceTree = "<group>"; };
		524C5AC528E3015100A4BDD1 /* IntelligentMarking */ = {isa = PBXFileReference; lastKnownFileType = wrapper; path = IntelligentMarking; sourceTree = "<group>"; };
		524D5A8C28EEC78100035DB6 /* LanguagesApp.entitlements */ = {isa = PBXFileReference; lastKnownFileType = text.plist.entitlements; path = LanguagesApp.entitlements; sourceTree = "<group>"; };
		524D5A8D28EEC79A00035DB6 /* Info.plist */ = {isa = PBXFileReference; lastKnownFileType = text.plist; path = Info.plist; sourceTree = "<group>"; };
		524D5A8E28EED13E00035DB6 /* Authenticator.swift */ = {isa = PBXFileReference; lastKnownFileType = sourcecode.swift; path = Authenticator.swift; sourceTree = "<group>"; };
		524D5A9028EED16D00035DB6 /* UIApplication+EXT.swift */ = {isa = PBXFileReference; lastKnownFileType = sourcecode.swift; path = "UIApplication+EXT.swift"; sourceTree = "<group>"; };
		527ACF9E2911A6260008147A /* Navigator.swift */ = {isa = PBXFileReference; lastKnownFileType = sourcecode.swift; path = Navigator.swift; sourceTree = "<group>"; };
		527ACFA02911A75D0008147A /* LearningQuestion.swift */ = {isa = PBXFileReference; lastKnownFileType = sourcecode.swift; path = LearningQuestion.swift; sourceTree = "<group>"; };
		527ACFA22911B2100008147A /* ErrorHandler.swift */ = {isa = PBXFileReference; lastKnownFileType = sourcecode.swift; path = ErrorHandler.swift; sourceTree = "<group>"; };
		527ACFA52911B3450008147A /* AppError.swift */ = {isa = PBXFileReference; lastKnownFileType = sourcecode.swift; path = AppError.swift; sourceTree = "<group>"; };
		527ACFA72911B7160008147A /* HomeController.swift */ = {isa = PBXFileReference; lastKnownFileType = sourcecode.swift; path = HomeController.swift; sourceTree = "<group>"; };
		527ACFA92911B8960008147A /* SplashController.swift */ = {isa = PBXFileReference; lastKnownFileType = sourcecode.swift; path = SplashController.swift; sourceTree = "<group>"; };
		527AD2A029116599001A1AD5 /* LearningCardView.swift */ = {isa = PBXFileReference; lastKnownFileType = sourcecode.swift; path = LearningCardView.swift; sourceTree = "<group>"; };
		527AD2A2291165B9001A1AD5 /* LearningMessageView.swift */ = {isa = PBXFileReference; lastKnownFileType = sourcecode.swift; path = LearningMessageView.swift; sourceTree = "<group>"; };
		527AD2A5291165DD001A1AD5 /* Message.swift */ = {isa = PBXFileReference; lastKnownFileType = sourcecode.swift; path = Message.swift; sourceTree = "<group>"; };
		527AD2A829116656001A1AD5 /* LearningSession.swift */ = {isa = PBXFileReference; lastKnownFileType = sourcecode.swift; path = LearningSession.swift; sourceTree = "<group>"; };
		527AD2AA29116662001A1AD5 /* ReviewLearningSession.swift */ = {isa = PBXFileReference; lastKnownFileType = sourcecode.swift; path = ReviewLearningSession.swift; sourceTree = "<group>"; };
		527AD2AC29116670001A1AD5 /* TaskLearningSession.swift */ = {isa = PBXFileReference; lastKnownFileType = sourcecode.swift; path = TaskLearningSession.swift; sourceTree = "<group>"; };
		52C28F722905BAA10088593B /* Color+EXT.swift */ = {isa = PBXFileReference; lastKnownFileType = sourcecode.swift; path = "Color+EXT.swift"; sourceTree = "<group>"; };
		52C28F742905BB4D0088593B /* TitleGreeting.swift */ = {isa = PBXFileReference; lastKnownFileType = sourcecode.swift; path = TitleGreeting.swift; sourceTree = "<group>"; };
		52C28F762905BC010088593B /* Panel.swift */ = {isa = PBXFileReference; lastKnownFileType = sourcecode.swift; path = Panel.swift; sourceTree = "<group>"; };
		52C28F782905BD0A0088593B /* DailyCompletionPanel.swift */ = {isa = PBXFileReference; lastKnownFileType = sourcecode.swift; path = DailyCompletionPanel.swift; sourceTree = "<group>"; };
		52C28F7A2905BE9E0088593B /* Font+EXT.swift */ = {isa = PBXFileReference; lastKnownFileType = sourcecode.swift; path = "Font+EXT.swift"; sourceTree = "<group>"; };
		52C28F7C2905BF840088593B /* AppButton.swift */ = {isa = PBXFileReference; lastKnownFileType = sourcecode.swift; path = AppButton.swift; sourceTree = "<group>"; };
		52C28F7E2905C1390088593B /* StreaksPanel.swift */ = {isa = PBXFileReference; lastKnownFileType = sourcecode.swift; path = StreaksPanel.swift; sourceTree = "<group>"; };
		52C28F802905C4EA0088593B /* TaskList.swift */ = {isa = PBXFileReference; lastKnownFileType = sourcecode.swift; path = TaskList.swift; sourceTree = "<group>"; };
		52C28F822905C7BD0088593B /* FootnoteButton.swift */ = {isa = PBXFileReference; lastKnownFileType = sourcecode.swift; path = FootnoteButton.swift; sourceTree = "<group>"; };
		52C28F842905F0810088593B /* CyclicTimelineSchedule.swift */ = {isa = PBXFileReference; lastKnownFileType = sourcecode.swift; path = CyclicTimelineSchedule.swift; sourceTree = "<group>"; };
		52C28F862905F0AE0088593B /* WavingHand.swift */ = {isa = PBXFileReference; lastKnownFileType = sourcecode.swift; path = WavingHand.swift; sourceTree = "<group>"; };
/* End PBXFileReference section */

/* Begin PBXFrameworksBuildPhase section */
		524C5AB028E2FACA00A4BDD1 /* Frameworks */ = {
			isa = PBXFrameworksBuildPhase;
			buildActionMask = 2147483647;
			files = (
				523E0A6B28F5768100B505F0 /* DataStructures in Frameworks */,
				523E0A6F28F5768700B505F0 /* LanguagesAPI in Frameworks */,
				523E0A6D28F5768400B505F0 /* IntelligentMarking in Frameworks */,
				524D5A8B28EEC69200035DB6 /* MSAL in Frameworks */,
			);
			runOnlyForDeploymentPostprocessing = 0;
		};
/* End PBXFrameworksBuildPhase section */

/* Begin PBXGroup section */
		523E0A5D28F574FB00B505F0 /* Screens */ = {
			isa = PBXGroup;
			children = (
				524C5AB828E2FACA00A4BDD1 /* RootNav.swift */,
				523E0A5B28F574F700B505F0 /* HomeScreen.swift */,
				523E0A6128F5759300B505F0 /* SplashScreen.swift */,
				523E0A6328F5760D00B505F0 /* TaskScreen.swift */,
				523E0A6528F5761600B505F0 /* SettingsScreen.swift */,
				523E0A6728F5762000B505F0 /* LearningScreen.swift */,
			);
			path = Screens;
			sourceTree = "<group>";
		};
		523E0A5E28F5750100B505F0 /* ViewComponents */ = {
			isa = PBXGroup;
			children = (
				522D98FC28F4187300D17239 /* SignInButton.swift */,
				52C28F742905BB4D0088593B /* TitleGreeting.swift */,
				52C28F762905BC010088593B /* Panel.swift */,
				52C28F782905BD0A0088593B /* DailyCompletionPanel.swift */,
				52C28F7C2905BF840088593B /* AppButton.swift */,
				52C28F7E2905C1390088593B /* StreaksPanel.swift */,
				52C28F802905C4EA0088593B /* TaskList.swift */,
				52C28F822905C7BD0088593B /* FootnoteButton.swift */,
				52C28F862905F0AE0088593B /* WavingHand.swift */,
				527AD2A029116599001A1AD5 /* LearningCardView.swift */,
				527AD2A2291165B9001A1AD5 /* LearningMessageView.swift */,
			);
			path = ViewComponents;
			sourceTree = "<group>";
		};
		523E0A6928F5768100B505F0 /* Frameworks */ = {
			isa = PBXGroup;
			children = (
			);
			name = Frameworks;
			sourceTree = "<group>";
		};
		523E0A7128F5794A00B505F0 /* Helper */ = {
			isa = PBXGroup;
			children = (
				527ACFA52911B3450008147A /* AppError.swift */,
				524D5A9028EED16D00035DB6 /* UIApplication+EXT.swift */,
				52C28F722905BAA10088593B /* Color+EXT.swift */,
				52C28F7A2905BE9E0088593B /* Font+EXT.swift */,
				52C28F842905F0810088593B /* CyclicTimelineSchedule.swift */,
				527ACFA22911B2100008147A /* ErrorHandler.swift */,
			);
			path = Helper;
			sourceTree = "<group>";
		};
		524C5AAA28E2FAC900A4BDD1 = {
			isa = PBXGroup;
			children = (
				522712DC28ED8FFE0098719F /* LanguagesAPI */,
				524C5AC428E2FB0700A4BDD1 /* DataStructures */,
				524C5AC528E3015100A4BDD1 /* IntelligentMarking */,
				524C5AB528E2FACA00A4BDD1 /* LanguagesApp */,
				524C5AB428E2FACA00A4BDD1 /* Products */,
				523E0A6928F5768100B505F0 /* Frameworks */,
			);
			sourceTree = "<group>";
		};
		524C5AB428E2FACA00A4BDD1 /* Products */ = {
			isa = PBXGroup;
			children = (
				524C5AB328E2FACA00A4BDD1 /* LanguagesApp.app */,
			);
			name = Products;
			sourceTree = "<group>";
		};
		524C5AB528E2FACA00A4BDD1 /* LanguagesApp */ = {
			isa = PBXGroup;
			children = (
				527AD2A729116642001A1AD5 /* Controllers */,
				527AD2A4291165D3001A1AD5 /* Model */,
				523E0A7128F5794A00B505F0 /* Helper */,
				523E0A5E28F5750100B505F0 /* ViewComponents */,
				523E0A5D28F574FB00B505F0 /* Screens */,
				524D5A8D28EEC79A00035DB6 /* Info.plist */,
				524D5A8C28EEC78100035DB6 /* LanguagesApp.entitlements */,
				524C5AB628E2FACA00A4BDD1 /* LanguagesApp.swift */,
				524C5ABA28E2FACF00A4BDD1 /* Assets.xcassets */,
				524C5ABC28E2FACF00A4BDD1 /* Preview Content */,
			);
			path = LanguagesApp;
			sourceTree = "<group>";
		};
		524C5ABC28E2FACF00A4BDD1 /* Preview Content */ = {
			isa = PBXGroup;
			children = (
				524C5ABD28E2FACF00A4BDD1 /* Preview Assets.xcassets */,
			);
			path = "Preview Content";
			sourceTree = "<group>";
		};
		527AD2A4291165D3001A1AD5 /* Model */ = {
			isa = PBXGroup;
			children = (
				527AD2A5291165DD001A1AD5 /* Message.swift */,
				52465CD228F6A10400B798E4 /* NavRoute.swift */,
			);
			path = Model;
			sourceTree = "<group>";
		};
		527AD2A729116642001A1AD5 /* Controllers */ = {
			isa = PBXGroup;
			children = (
				524D5A8E28EED13E00035DB6 /* Authenticator.swift */,
				527AD2A829116656001A1AD5 /* LearningSession.swift */,
				527AD2AA29116662001A1AD5 /* ReviewLearningSession.swift */,
				527AD2AC29116670001A1AD5 /* TaskLearningSession.swift */,
				527ACF9E2911A6260008147A /* Navigator.swift */,
				527ACFA02911A75D0008147A /* LearningQuestion.swift */,
				527ACFA72911B7160008147A /* HomeController.swift */,
				527ACFA92911B8960008147A /* SplashController.swift */,
			);
			path = Controllers;
			sourceTree = "<group>";
		};
/* End PBXGroup section */

/* Begin PBXNativeTarget section */
		524C5AB228E2FACA00A4BDD1 /* LanguagesApp */ = {
			isa = PBXNativeTarget;
			buildConfigurationList = 524C5AC128E2FACF00A4BDD1 /* Build configuration list for PBXNativeTarget "LanguagesApp" */;
			buildPhases = (
				524C5AAF28E2FACA00A4BDD1 /* Sources */,
				524C5AB028E2FACA00A4BDD1 /* Frameworks */,
				524C5AB128E2FACA00A4BDD1 /* Resources */,
			);
			buildRules = (
			);
			dependencies = (
			);
			name = LanguagesApp;
			packageProductDependencies = (
				524D5A8A28EEC69200035DB6 /* MSAL */,
				523E0A6A28F5768100B505F0 /* DataStructures */,
				523E0A6C28F5768400B505F0 /* IntelligentMarking */,
				523E0A6E28F5768700B505F0 /* LanguagesAPI */,
			);
			productName = LanguagesApp;
			productReference = 524C5AB328E2FACA00A4BDD1 /* LanguagesApp.app */;
			productType = "com.apple.product-type.application";
		};
/* End PBXNativeTarget section */

/* Begin PBXProject section */
		524C5AAB28E2FAC900A4BDD1 /* Project object */ = {
			isa = PBXProject;
			attributes = {
				BuildIndependentTargetsInParallel = 1;
				LastSwiftUpdateCheck = 1400;
				LastUpgradeCheck = 1400;
				TargetAttributes = {
					524C5AB228E2FACA00A4BDD1 = {
						CreatedOnToolsVersion = 14.0;
					};
				};
			};
			buildConfigurationList = 524C5AAE28E2FAC900A4BDD1 /* Build configuration list for PBXProject "LanguagesApp" */;
			compatibilityVersion = "Xcode 14.0";
			developmentRegion = en;
			hasScannedForEncodings = 0;
			knownRegions = (
				en,
				Base,
			);
			mainGroup = 524C5AAA28E2FAC900A4BDD1;
			packageReferences = (
				524D5A8928EEC69200035DB6 /* XCRemoteSwiftPackageReference "microsoft-authentication-library-for-objc" */,
			);
			productRefGroup = 524C5AB428E2FACA00A4BDD1 /* Products */;
			projectDirPath = "";
			projectRoot = "";
			targets = (
				524C5AB228E2FACA00A4BDD1 /* LanguagesApp */,
			);
		};
/* End PBXProject section */

/* Begin PBXResourcesBuildPhase section */
		524C5AB128E2FACA00A4BDD1 /* Resources */ = {
			isa = PBXResourcesBuildPhase;
			buildActionMask = 2147483647;
			files = (
				524C5ABE28E2FACF00A4BDD1 /* Preview Assets.xcassets in Resources */,
				524C5ABB28E2FACF00A4BDD1 /* Assets.xcassets in Resources */,
			);
			runOnlyForDeploymentPostprocessing = 0;
		};
/* End PBXResourcesBuildPhase section */

/* Begin PBXSourcesBuildPhase section */
		524C5AAF28E2FACA00A4BDD1 /* Sources */ = {
			isa = PBXSourcesBuildPhase;
			buildActionMask = 2147483647;
			files = (
				527AD2AB29116662001A1AD5 /* ReviewLearningSession.swift in Sources */,
				527ACFA12911A75D0008147A /* LearningQuestion.swift in Sources */,
				522D98FD28F4187300D17239 /* SignInButton.swift in Sources */,
				52C28F832905C7BD0088593B /* FootnoteButton.swift in Sources */,
				52C28F752905BB4D0088593B /* TitleGreeting.swift in Sources */,
				527AD2A6291165DD001A1AD5 /* Message.swift in Sources */,
				52C28F792905BD0A0088593B /* DailyCompletionPanel.swift in Sources */,
				523E0A6628F5761600B505F0 /* SettingsScreen.swift in Sources */,
				52C28F7B2905BE9E0088593B /* Font+EXT.swift in Sources */,
				524D5A9128EED16D00035DB6 /* UIApplication+EXT.swift in Sources */,
				527AD2A3291165B9001A1AD5 /* LearningMessageView.swift in Sources */,
				523E0A6228F5759300B505F0 /* SplashScreen.swift in Sources */,
				523E0A5C28F574F700B505F0 /* HomeScreen.swift in Sources */,
				52C28F772905BC010088593B /* Panel.swift in Sources */,
				52C28F7F2905C1390088593B /* StreaksPanel.swift in Sources */,
				527AD2AD29116670001A1AD5 /* TaskLearningSession.swift in Sources */,
				523E0A6828F5762000B505F0 /* LearningScreen.swift in Sources */,
				52C28F732905BAA10088593B /* Color+EXT.swift in Sources */,
				527ACF9F2911A6260008147A /* Navigator.swift in Sources */,
				524C5AB928E2FACA00A4BDD1 /* RootNav.swift in Sources */,
				527AD2A129116599001A1AD5 /* LearningCardView.swift in Sources */,
				527AD2A929116656001A1AD5 /* LearningSession.swift in Sources */,
				527ACFA32911B2100008147A /* ErrorHandler.swift in Sources */,
				52C28F7D2905BF840088593B /* AppButton.swift in Sources */,
				524D5A8F28EED13E00035DB6 /* Authenticator.swift in Sources */,
				527ACFA62911B3450008147A /* AppError.swift in Sources */,
				52465CD328F6A10400B798E4 /* NavRoute.swift in Sources */,
				52C28F812905C4EA0088593B /* TaskList.swift in Sources */,
				523E0A6428F5760D00B505F0 /* TaskScreen.swift in Sources */,
				527ACFA82911B7160008147A /* HomeController.swift in Sources */,
				52C28F872905F0AE0088593B /* WavingHand.swift in Sources */,
				52C28F852905F0810088593B /* CyclicTimelineSchedule.swift in Sources */,
				524C5AB728E2FACA00A4BDD1 /* LanguagesApp.swift in Sources */,
				527ACFAA2911B8960008147A /* SplashController.swift in Sources */,
			);
			runOnlyForDeploymentPostprocessing = 0;
		};
/* End PBXSourcesBuildPhase section */

/* Begin XCBuildConfiguration section */
		524C5ABF28E2FACF00A4BDD1 /* Debug */ = {
			isa = XCBuildConfiguration;
			buildSettings = {
				ALWAYS_SEARCH_USER_PATHS = NO;
				CLANG_ANALYZER_NONNULL = YES;
				CLANG_ANALYZER_NUMBER_OBJECT_CONVERSION = YES_AGGRESSIVE;
				CLANG_CXX_LANGUAGE_STANDARD = "gnu++20";
				CLANG_ENABLE_MODULES = YES;
				CLANG_ENABLE_OBJC_ARC = YES;
				CLANG_ENABLE_OBJC_WEAK = YES;
				CLANG_WARN_BLOCK_CAPTURE_AUTORELEASING = YES;
				CLANG_WARN_BOOL_CONVERSION = YES;
				CLANG_WARN_COMMA = YES;
				CLANG_WARN_CONSTANT_CONVERSION = YES;
				CLANG_WARN_DEPRECATED_OBJC_IMPLEMENTATIONS = YES;
				CLANG_WARN_DIRECT_OBJC_ISA_USAGE = YES_ERROR;
				CLANG_WARN_DOCUMENTATION_COMMENTS = YES;
				CLANG_WARN_EMPTY_BODY = YES;
				CLANG_WARN_ENUM_CONVERSION = YES;
				CLANG_WARN_INFINITE_RECURSION = YES;
				CLANG_WARN_INT_CONVERSION = YES;
				CLANG_WARN_NON_LITERAL_NULL_CONVERSION = YES;
				CLANG_WARN_OBJC_IMPLICIT_RETAIN_SELF = YES;
				CLANG_WARN_OBJC_LITERAL_CONVERSION = YES;
				CLANG_WARN_OBJC_ROOT_CLASS = YES_ERROR;
				CLANG_WARN_QUOTED_INCLUDE_IN_FRAMEWORK_HEADER = YES;
				CLANG_WARN_RANGE_LOOP_ANALYSIS = YES;
				CLANG_WARN_STRICT_PROTOTYPES = YES;
				CLANG_WARN_SUSPICIOUS_MOVE = YES;
				CLANG_WARN_UNGUARDED_AVAILABILITY = YES_AGGRESSIVE;
				CLANG_WARN_UNREACHABLE_CODE = YES;
				CLANG_WARN__DUPLICATE_METHOD_MATCH = YES;
				COPY_PHASE_STRIP = NO;
				DEBUG_INFORMATION_FORMAT = dwarf;
				ENABLE_STRICT_OBJC_MSGSEND = YES;
				ENABLE_TESTABILITY = YES;
				GCC_C_LANGUAGE_STANDARD = gnu11;
				GCC_DYNAMIC_NO_PIC = NO;
				GCC_NO_COMMON_BLOCKS = YES;
				GCC_OPTIMIZATION_LEVEL = 0;
				GCC_PREPROCESSOR_DEFINITIONS = (
					"DEBUG=1",
					"$(inherited)",
				);
				GCC_WARN_64_TO_32_BIT_CONVERSION = YES;
				GCC_WARN_ABOUT_RETURN_TYPE = YES_ERROR;
				GCC_WARN_UNDECLARED_SELECTOR = YES;
				GCC_WARN_UNINITIALIZED_AUTOS = YES_AGGRESSIVE;
				GCC_WARN_UNUSED_FUNCTION = YES;
				GCC_WARN_UNUSED_VARIABLE = YES;
				IPHONEOS_DEPLOYMENT_TARGET = 16.0;
				MTL_ENABLE_DEBUG_INFO = INCLUDE_SOURCE;
				MTL_FAST_MATH = YES;
				ONLY_ACTIVE_ARCH = YES;
				SDKROOT = iphoneos;
				SWIFT_ACTIVE_COMPILATION_CONDITIONS = DEBUG;
				SWIFT_OPTIMIZATION_LEVEL = "-Onone";
			};
			name = Debug;
		};
		524C5AC028E2FACF00A4BDD1 /* Release */ = {
			isa = XCBuildConfiguration;
			buildSettings = {
				ALWAYS_SEARCH_USER_PATHS = NO;
				CLANG_ANALYZER_NONNULL = YES;
				CLANG_ANALYZER_NUMBER_OBJECT_CONVERSION = YES_AGGRESSIVE;
				CLANG_CXX_LANGUAGE_STANDARD = "gnu++20";
				CLANG_ENABLE_MODULES = YES;
				CLANG_ENABLE_OBJC_ARC = YES;
				CLANG_ENABLE_OBJC_WEAK = YES;
				CLANG_WARN_BLOCK_CAPTURE_AUTORELEASING = YES;
				CLANG_WARN_BOOL_CONVERSION = YES;
				CLANG_WARN_COMMA = YES;
				CLANG_WARN_CONSTANT_CONVERSION = YES;
				CLANG_WARN_DEPRECATED_OBJC_IMPLEMENTATIONS = YES;
				CLANG_WARN_DIRECT_OBJC_ISA_USAGE = YES_ERROR;
				CLANG_WARN_DOCUMENTATION_COMMENTS = YES;
				CLANG_WARN_EMPTY_BODY = YES;
				CLANG_WARN_ENUM_CONVERSION = YES;
				CLANG_WARN_INFINITE_RECURSION = YES;
				CLANG_WARN_INT_CONVERSION = YES;
				CLANG_WARN_NON_LITERAL_NULL_CONVERSION = YES;
				CLANG_WARN_OBJC_IMPLICIT_RETAIN_SELF = YES;
				CLANG_WARN_OBJC_LITERAL_CONVERSION = YES;
				CLANG_WARN_OBJC_ROOT_CLASS = YES_ERROR;
				CLANG_WARN_QUOTED_INCLUDE_IN_FRAMEWORK_HEADER = YES;
				CLANG_WARN_RANGE_LOOP_ANALYSIS = YES;
				CLANG_WARN_STRICT_PROTOTYPES = YES;
				CLANG_WARN_SUSPICIOUS_MOVE = YES;
				CLANG_WARN_UNGUARDED_AVAILABILITY = YES_AGGRESSIVE;
				CLANG_WARN_UNREACHABLE_CODE = YES;
				CLANG_WARN__DUPLICATE_METHOD_MATCH = YES;
				COPY_PHASE_STRIP = NO;
				DEBUG_INFORMATION_FORMAT = "dwarf-with-dsym";
				ENABLE_NS_ASSERTIONS = NO;
				ENABLE_STRICT_OBJC_MSGSEND = YES;
				GCC_C_LANGUAGE_STANDARD = gnu11;
				GCC_NO_COMMON_BLOCKS = YES;
				GCC_WARN_64_TO_32_BIT_CONVERSION = YES;
				GCC_WARN_ABOUT_RETURN_TYPE = YES_ERROR;
				GCC_WARN_UNDECLARED_SELECTOR = YES;
				GCC_WARN_UNINITIALIZED_AUTOS = YES_AGGRESSIVE;
				GCC_WARN_UNUSED_FUNCTION = YES;
				GCC_WARN_UNUSED_VARIABLE = YES;
				IPHONEOS_DEPLOYMENT_TARGET = 16.0;
				MTL_ENABLE_DEBUG_INFO = NO;
				MTL_FAST_MATH = YES;
				SDKROOT = iphoneos;
				SWIFT_COMPILATION_MODE = wholemodule;
				SWIFT_OPTIMIZATION_LEVEL = "-O";
				VALIDATE_PRODUCT = YES;
			};
			name = Release;
		};
		524C5AC228E2FACF00A4BDD1 /* Debug */ = {
			isa = XCBuildConfiguration;
			buildSettings = {
				ASSETCATALOG_COMPILER_APPICON_NAME = AppIcon;
				ASSETCATALOG_COMPILER_GLOBAL_ACCENT_COLOR_NAME = AccentColor;
				CODE_SIGN_ENTITLEMENTS = LanguagesApp/LanguagesApp.entitlements;
				CODE_SIGN_STYLE = Automatic;
				CURRENT_PROJECT_VERSION = 1;
				DEVELOPMENT_ASSET_PATHS = "\"LanguagesApp/Preview Content\"";
				DEVELOPMENT_TEAM = QARY953TUQ;
				ENABLE_PREVIEWS = YES;
				GENERATE_INFOPLIST_FILE = YES;
				INFOPLIST_FILE = LanguagesApp/Info.plist;
				INFOPLIST_KEY_UIApplicationSceneManifest_Generation = YES;
				INFOPLIST_KEY_UIApplicationSupportsIndirectInputEvents = YES;
				INFOPLIST_KEY_UILaunchScreen_Generation = YES;
				INFOPLIST_KEY_UISupportedInterfaceOrientations_iPad = "UIInterfaceOrientationPortrait UIInterfaceOrientationPortraitUpsideDown UIInterfaceOrientationLandscapeLeft UIInterfaceOrientationLandscapeRight";
				INFOPLIST_KEY_UISupportedInterfaceOrientations_iPhone = UIInterfaceOrientationPortrait;
				LD_RUNPATH_SEARCH_PATHS = (
					"$(inherited)",
					"@executable_path/Frameworks",
				);
				MARKETING_VERSION = 1.0;
				PRODUCT_BUNDLE_IDENTIFIER = dev.benrobinson.LanguagesApp;
				PRODUCT_NAME = "$(TARGET_NAME)";
				SUPPORTED_PLATFORMS = "iphoneos iphonesimulator";
				SUPPORTS_MACCATALYST = NO;
				SUPPORTS_MAC_DESIGNED_FOR_IPHONE_IPAD = NO;
				SWIFT_EMIT_LOC_STRINGS = YES;
				SWIFT_VERSION = 5.0;
				TARGETED_DEVICE_FAMILY = 1;
			};
			name = Debug;
		};
		524C5AC328E2FACF00A4BDD1 /* Release */ = {
			isa = XCBuildConfiguration;
			buildSettings = {
				ASSETCATALOG_COMPILER_APPICON_NAME = AppIcon;
				ASSETCATALOG_COMPILER_GLOBAL_ACCENT_COLOR_NAME = AccentColor;
				CODE_SIGN_ENTITLEMENTS = LanguagesApp/LanguagesApp.entitlements;
				CODE_SIGN_STYLE = Automatic;
				CURRENT_PROJECT_VERSION = 1;
				DEVELOPMENT_ASSET_PATHS = "\"LanguagesApp/Preview Content\"";
				DEVELOPMENT_TEAM = QARY953TUQ;
				ENABLE_PREVIEWS = YES;
				GENERATE_INFOPLIST_FILE = YES;
				INFOPLIST_FILE = LanguagesApp/Info.plist;
				INFOPLIST_KEY_UIApplicationSceneManifest_Generation = YES;
				INFOPLIST_KEY_UIApplicationSupportsIndirectInputEvents = YES;
				INFOPLIST_KEY_UILaunchScreen_Generation = YES;
				INFOPLIST_KEY_UISupportedInterfaceOrientations_iPad = "UIInterfaceOrientationPortrait UIInterfaceOrientationPortraitUpsideDown UIInterfaceOrientationLandscapeLeft UIInterfaceOrientationLandscapeRight";
				INFOPLIST_KEY_UISupportedInterfaceOrientations_iPhone = UIInterfaceOrientationPortrait;
				LD_RUNPATH_SEARCH_PATHS = (
					"$(inherited)",
					"@executable_path/Frameworks",
				);
				MARKETING_VERSION = 1.0;
				PRODUCT_BUNDLE_IDENTIFIER = dev.benrobinson.LanguagesApp;
				PRODUCT_NAME = "$(TARGET_NAME)";
				SUPPORTED_PLATFORMS = "iphoneos iphonesimulator";
				SUPPORTS_MACCATALYST = NO;
				SUPPORTS_MAC_DESIGNED_FOR_IPHONE_IPAD = NO;
				SWIFT_EMIT_LOC_STRINGS = YES;
				SWIFT_VERSION = 5.0;
				TARGETED_DEVICE_FAMILY = 1;
			};
			name = Release;
		};
/* End XCBuildConfiguration section */

/* Begin XCConfigurationList section */
		524C5AAE28E2FAC900A4BDD1 /* Build configuration list for PBXProject "LanguagesApp" */ = {
			isa = XCConfigurationList;
			buildConfigurations = (
				524C5ABF28E2FACF00A4BDD1 /* Debug */,
				524C5AC028E2FACF00A4BDD1 /* Release */,
			);
			defaultConfigurationIsVisible = 0;
			defaultConfigurationName = Release;
		};
		524C5AC128E2FACF00A4BDD1 /* Build configuration list for PBXNativeTarget "LanguagesApp" */ = {
			isa = XCConfigurationList;
			buildConfigurations = (
				524C5AC228E2FACF00A4BDD1 /* Debug */,
				524C5AC328E2FACF00A4BDD1 /* Release */,
			);
			defaultConfigurationIsVisible = 0;
			defaultConfigurationName = Release;
		};
/* End XCConfigurationList section */

/* Begin XCRemoteSwiftPackageReference section */
		524D5A8928EEC69200035DB6 /* XCRemoteSwiftPackageReference "microsoft-authentication-library-for-objc" */ = {
			isa = XCRemoteSwiftPackageReference;
			repositoryURL = "https://github.com/AzureAD/microsoft-authentication-library-for-objc";
			requirement = {
				branch = master;
				kind = branch;
			};
		};
/* End XCRemoteSwiftPackageReference section */

/* Begin XCSwiftPackageProductDependency section */
		523E0A6A28F5768100B505F0 /* DataStructures */ = {
			isa = XCSwiftPackageProductDependency;
			productName = DataStructures;
		};
		523E0A6C28F5768400B505F0 /* IntelligentMarking */ = {
			isa = XCSwiftPackageProductDependency;
			productName = IntelligentMarking;
		};
		523E0A6E28F5768700B505F0 /* LanguagesAPI */ = {
			isa = XCSwiftPackageProductDependency;
			productName = LanguagesAPI;
		};
		524D5A8A28EEC69200035DB6 /* MSAL */ = {
			isa = XCSwiftPackageProductDependency;
			package = 524D5A8928EEC69200035DB6 /* XCRemoteSwiftPackageReference "microsoft-authentication-library-for-objc" */;
			productName = MSAL;
		};
/* End XCSwiftPackageProductDependency section */
	};
	rootObject = 524C5AAB28E2FAC900A4BDD1 /* Project object */;
}
